
Microsoft Visual Studio Solution File, Format Version 12.00
# Visual Studio Version 16
VisualStudioVersion = 16.0.30104.148
MinimumVisualStudioVersion = 10.0.40219.1
Project("{9A19103F-16F7-4668-BE54-9A1E7A4F7556}") = "Altinn.Common.AccessToken", "Altinn.Common.AccessToken\Altinn.Common.AccessToken.csproj", "{C219A8A8-B936-453C-AC34-01454A0D1792}"
EndProject
Project("{FAE04EC0-301F-11D3-BF4B-00C04F79EFBC}") = "Altinn.Common.AccessTokenClient", "Altinn.Common.AccessTokenClient\Altinn.Common.AccessTokenClient.csproj", "{454ED0A7-05B0-4D99-A05E-0B526219DC05}"
EndProject
Global
	GlobalSection(SolutionConfigurationPlatforms) = preSolution
		Debug|Any CPU = Debug|Any CPU
		Release|Any CPU = Release|Any CPU
	EndGlobalSection
	GlobalSection(ProjectConfigurationPlatforms) = postSolution
		{C219A8A8-B936-453C-AC34-01454A0D1792}.Debug|Any CPU.ActiveCfg = Debug|Any CPU
		{C219A8A8-B936-453C-AC34-01454A0D1792}.Debug|Any CPU.Build.0 = Debug|Any CPU
		{C219A8A8-B936-453C-AC34-01454A0D1792}.Release|Any CPU.ActiveCfg = Release|Any CPU
		{C219A8A8-B936-453C-AC34-01454A0D1792}.Release|Any CPU.Build.0 = Release|Any CPU
		{454ED0A7-05B0-4D99-A05E-0B526219DC05}.Debug|Any CPU.ActiveCfg = Debug|Any CPU
		{454ED0A7-05B0-4D99-A05E-0B526219DC05}.Debug|Any CPU.Build.0 = Debug|Any CPU
		{454ED0A7-05B0-4D99-A05E-0B526219DC05}.Release|Any CPU.ActiveCfg = Release|Any CPU
		{454ED0A7-05B0-4D99-A05E-0B526219DC05}.Release|Any CPU.Build.0 = Release|Any CPU
	EndGlobalSection
	GlobalSection(SolutionProperties) = preSolution
		HideSolutionNode = FALSE
	EndGlobalSection
	GlobalSection(ExtensibilityGlobals) = postSolution
		SolutionGuid = {3DC593E5-528B-4D92-B552-EFB0C5B279A2}
	EndGlobalSection
EndGlobal
