
Microsoft Visual Studio Solution File, Format Version 12.00
# Visual Studio 15
VisualStudioVersion = 15.0.26114.2
MinimumVisualStudioVersion = 10.0.40219.1
Project("{2150E333-8FDC-42A3-9474-1A3956D46DE8}") = "src", "src", "{2A3CDEF9-2C3D-409D-A1F5-FCB4B3E81F6D}"
EndProject
Project("{E53339B2-1760-4266-BCC7-CA923CBCF16C}") = "docker-compose", "docker-compose.dcproj", "{56321ACF-FBE6-4445-98BB-FAF9B18C5EB4}"
EndProject
Project("{2150E333-8FDC-42A3-9474-1A3956D46DE8}") = "AltinnCore", "AltinnCore", "{16DBADD5-01B0-460B-A11F-413805ECE4B1}"
EndProject
Project("{9A19103F-16F7-4668-BE54-9A1E7A4F7556}") = "AltinnCore.Designer", "src\AltinnCore\Designer\AltinnCore.Designer.csproj", "{A8CEDA65-1EC3-4D9E-857C-BFCFA796315C}"
EndProject
Project("{9A19103F-16F7-4668-BE54-9A1E7A4F7556}") = "AltinnCore.Runtime", "src\AltinnCore\Runtime\AltinnCore.Runtime.csproj", "{05798ABD-2FDC-48B4-8D69-780A0A4D4977}"
EndProject
Project("{9A19103F-16F7-4668-BE54-9A1E7A4F7556}") = "AltinnCore.RepositoryClient", "src\AltinnCore\RepositoryClient\AltinnCore.RepositoryClient.csproj", "{56522D68-18AC-45CA-99D7-5A3D62227FE8}"
EndProject
Project("{9A19103F-16F7-4668-BE54-9A1E7A4F7556}") = "AltinnCore.ServiceLibrary", "src\AltinnCore\ServiceLibrary\AltinnCore.ServiceLibrary.csproj", "{07110B78-ABBE-493A-946C-309791E80EE8}"
EndProject
Project("{9A19103F-16F7-4668-BE54-9A1E7A4F7556}") = "AltinnCore.Common", "src\AltinnCore\Common\AltinnCore.Common.csproj", "{807306DE-965E-49E2-A533-2245962EF1F5}"
EndProject
Project("{9A19103F-16F7-4668-BE54-9A1E7A4F7556}") = "AltinnCore.Runtime.Db", "src\AltinnCore\RuntimeDb\AltinnCore.Runtime.Db.csproj", "{A79098B5-197B-4688-B444-A67FCE7A3A1E}"
EndProject
Project("{9A19103F-16F7-4668-BE54-9A1E7A4F7556}") = "AltinnCore.UnitTest", "src\AltinnCore\UnitTest\AltinnCore.UnitTest.csproj", "{18975209-493B-40BE-A5DD-A05399B91708}"
EndProject
Project("{2150E333-8FDC-42A3-9474-1A3956D46DE8}") = "Solution Items", "Solution Items", "{0CE60568-1CC9-4F7A-BE1C-43969F984B7A}"
	ProjectSection(SolutionItems) = preProject
		Altinn3.ruleset = Altinn3.ruleset
		stylecop.json = stylecop.json
	EndProjectSection
EndProject
Global
	GlobalSection(SolutionConfigurationPlatforms) = preSolution
		Debug|Any CPU = Debug|Any CPU
		Release|Any CPU = Release|Any CPU
	EndGlobalSection
	GlobalSection(ProjectConfigurationPlatforms) = postSolution
		{56321ACF-FBE6-4445-98BB-FAF9B18C5EB4}.Debug|Any CPU.ActiveCfg = Debug|Any CPU
		{56321ACF-FBE6-4445-98BB-FAF9B18C5EB4}.Debug|Any CPU.Build.0 = Debug|Any CPU
		{56321ACF-FBE6-4445-98BB-FAF9B18C5EB4}.Release|Any CPU.ActiveCfg = Release|Any CPU
		{56321ACF-FBE6-4445-98BB-FAF9B18C5EB4}.Release|Any CPU.Build.0 = Release|Any CPU
		{A8CEDA65-1EC3-4D9E-857C-BFCFA796315C}.Debug|Any CPU.ActiveCfg = Debug|Any CPU
		{A8CEDA65-1EC3-4D9E-857C-BFCFA796315C}.Debug|Any CPU.Build.0 = Debug|Any CPU
		{A8CEDA65-1EC3-4D9E-857C-BFCFA796315C}.Release|Any CPU.ActiveCfg = Release|Any CPU
		{A8CEDA65-1EC3-4D9E-857C-BFCFA796315C}.Release|Any CPU.Build.0 = Release|Any CPU
		{05798ABD-2FDC-48B4-8D69-780A0A4D4977}.Debug|Any CPU.ActiveCfg = Debug|Any CPU
		{05798ABD-2FDC-48B4-8D69-780A0A4D4977}.Debug|Any CPU.Build.0 = Debug|Any CPU
		{05798ABD-2FDC-48B4-8D69-780A0A4D4977}.Release|Any CPU.ActiveCfg = Release|Any CPU
		{05798ABD-2FDC-48B4-8D69-780A0A4D4977}.Release|Any CPU.Build.0 = Release|Any CPU
		{56522D68-18AC-45CA-99D7-5A3D62227FE8}.Debug|Any CPU.ActiveCfg = Debug|Any CPU
		{56522D68-18AC-45CA-99D7-5A3D62227FE8}.Debug|Any CPU.Build.0 = Debug|Any CPU
		{56522D68-18AC-45CA-99D7-5A3D62227FE8}.Release|Any CPU.ActiveCfg = Release|Any CPU
		{56522D68-18AC-45CA-99D7-5A3D62227FE8}.Release|Any CPU.Build.0 = Release|Any CPU
		{07110B78-ABBE-493A-946C-309791E80EE8}.Debug|Any CPU.ActiveCfg = Debug|Any CPU
		{07110B78-ABBE-493A-946C-309791E80EE8}.Debug|Any CPU.Build.0 = Debug|Any CPU
		{07110B78-ABBE-493A-946C-309791E80EE8}.Release|Any CPU.ActiveCfg = Release|Any CPU
		{07110B78-ABBE-493A-946C-309791E80EE8}.Release|Any CPU.Build.0 = Release|Any CPU
		{807306DE-965E-49E2-A533-2245962EF1F5}.Debug|Any CPU.ActiveCfg = Debug|Any CPU
		{807306DE-965E-49E2-A533-2245962EF1F5}.Debug|Any CPU.Build.0 = Debug|Any CPU
		{807306DE-965E-49E2-A533-2245962EF1F5}.Release|Any CPU.ActiveCfg = Release|Any CPU
		{807306DE-965E-49E2-A533-2245962EF1F5}.Release|Any CPU.Build.0 = Release|Any CPU
		{A79098B5-197B-4688-B444-A67FCE7A3A1E}.Debug|Any CPU.ActiveCfg = Debug|Any CPU
		{A79098B5-197B-4688-B444-A67FCE7A3A1E}.Debug|Any CPU.Build.0 = Debug|Any CPU
		{A79098B5-197B-4688-B444-A67FCE7A3A1E}.Release|Any CPU.ActiveCfg = Release|Any CPU
		{A79098B5-197B-4688-B444-A67FCE7A3A1E}.Release|Any CPU.Build.0 = Release|Any CPU
		{18975209-493B-40BE-A5DD-A05399B91708}.Debug|Any CPU.ActiveCfg = Debug|Any CPU
		{18975209-493B-40BE-A5DD-A05399B91708}.Debug|Any CPU.Build.0 = Debug|Any CPU
		{18975209-493B-40BE-A5DD-A05399B91708}.Release|Any CPU.ActiveCfg = Release|Any CPU
		{18975209-493B-40BE-A5DD-A05399B91708}.Release|Any CPU.Build.0 = Release|Any CPU
	EndGlobalSection
	GlobalSection(SolutionProperties) = preSolution
		HideSolutionNode = FALSE
	EndGlobalSection
	GlobalSection(NestedProjects) = preSolution
		{16DBADD5-01B0-460B-A11F-413805ECE4B1} = {2A3CDEF9-2C3D-409D-A1F5-FCB4B3E81F6D}
		{A8CEDA65-1EC3-4D9E-857C-BFCFA796315C} = {16DBADD5-01B0-460B-A11F-413805ECE4B1}
		{05798ABD-2FDC-48B4-8D69-780A0A4D4977} = {16DBADD5-01B0-460B-A11F-413805ECE4B1}
		{56522D68-18AC-45CA-99D7-5A3D62227FE8} = {16DBADD5-01B0-460B-A11F-413805ECE4B1}
		{07110B78-ABBE-493A-946C-309791E80EE8} = {16DBADD5-01B0-460B-A11F-413805ECE4B1}
		{807306DE-965E-49E2-A533-2245962EF1F5} = {16DBADD5-01B0-460B-A11F-413805ECE4B1}
		{18975209-493B-40BE-A5DD-A05399B91708} = {16DBADD5-01B0-460B-A11F-413805ECE4B1}
	EndGlobalSection
	GlobalSection(ExtensibilityGlobals) = postSolution
		SolutionGuid = {26A53E83-4F29-4AF5-B556-7E0F90B1DB47}
	EndGlobalSection
EndGlobal
