
Microsoft Visual Studio Solution File, Format Version 12.00
# Visual Studio Version 16
VisualStudioVersion = 16.0.29409.12
MinimumVisualStudioVersion = 10.0.40219.1
Project("{9A19103F-16F7-4668-BE54-9A1E7A4F7556}") = "App", "App\App.csproj", "{DB6EF59F-1C26-4997-8571-C70F983B8759}"
EndProject
Global
	GlobalSection(SolutionConfigurationPlatforms) = preSolution
		Debug|Any CPU = Debug|Any CPU
		Release|Any CPU = Release|Any CPU
	EndGlobalSection
	GlobalSection(ProjectConfigurationPlatforms) = postSolution
		{DB6EF59F-1C26-4997-8571-C70F983B8759}.Debug|Any CPU.ActiveCfg = Debug|Any CPU
		{DB6EF59F-1C26-4997-8571-C70F983B8759}.Debug|Any CPU.Build.0 = Debug|Any CPU
		{DB6EF59F-1C26-4997-8571-C70F983B8759}.Release|Any CPU.ActiveCfg = Release|Any CPU
		{DB6EF59F-1C26-4997-8571-C70F983B8759}.Release|Any CPU.Build.0 = Release|Any CPU
	EndGlobalSection
	GlobalSection(SolutionProperties) = preSolution
		HideSolutionNode = FALSE
	EndGlobalSection
	GlobalSection(ExtensibilityGlobals) = postSolution
		SolutionGuid = {4584C6E1-D5B4-40B1-A8C4-CF4620EB0896}
	EndGlobalSection
EndGlobal
