# THIS IS AN AUTOGENERATED FILE. DO NOT EDIT THIS FILE DIRECTLY.
# yarn lockfile v1


dom-serializer@^1.0.1:
  version "1.3.2"
  resolved "https://registry.yarnpkg.com/dom-serializer/-/dom-serializer-1.3.2.tgz#6206437d32ceefaec7161803230c7a20bc1b4d91"
  integrity sha512-5c54Bk5Dw4qAxNOI1pFEizPSjVsx5+bpJKmL2kPn8JhBUq2q09tTCa3mjijun2NfK78NMouDYNMBkOrPZiS+ig==
  dependencies:
    domelementtype "^2.0.1"
    domhandler "^4.2.0"
    entities "^2.0.0"

domelementtype@^2.0.1, domelementtype@^2.2.0:
  version "2.2.0"
  resolved "https://registry.yarnpkg.com/domelementtype/-/domelementtype-2.2.0.tgz#9a0b6c2782ed6a1c7323d42267183df9bd8b1d57"
  integrity sha512-DtBMo82pv1dFtUmHyr48beiuq792Sxohr+8Hm9zoxklYPfa6n0Z3Byjj2IV7bmr2IyqClnqEQhfgHJJ5QF0R5A==

domhandler@4.3.0, domhandler@^4.2.0, domhandler@^4.2.2:
  version "4.3.0"
  resolved "https://registry.yarnpkg.com/domhandler/-/domhandler-4.3.0.tgz#16c658c626cf966967e306f966b431f77d4a5626"
  integrity sha512-fC0aXNQXqKSFTr2wDNZDhsEYjCiYsDWl3D01kwt25hm1YIPyDGHvvi3rw+PLqHAl/m71MaiF7d5zvBr0p5UB2g==
  dependencies:
    domelementtype "^2.2.0"

domutils@^2.8.0:
  version "2.8.0"
  resolved "https://registry.yarnpkg.com/domutils/-/domutils-2.8.0.tgz#4437def5db6e2d1f5d6ee859bd95ca7d02048135"
  integrity sha512-w96Cjofp72M5IIhpjgobBimYEfoPjx1Vx0BSX9P30WBdZW2WIKU0T1Bd0kz2eNZ9ikjKgHbEyKx8BB6H1L3h3A==
  dependencies:
    dom-serializer "^1.0.1"
    domelementtype "^2.2.0"
    domhandler "^4.2.0"

entities@^2.0.0:
  version "2.2.0"
  resolved "https://registry.yarnpkg.com/entities/-/entities-2.2.0.tgz#098dc90ebb83d8dffa089d55256b351d34c4da55"
  integrity sha512-p92if5Nz619I0w+akJrLZH0MX0Pb5DX39XOwQTtXSdQQOaYH03S1uIQp4mhOZtAXrxq4ViO67YTiLBo2638o9A==

entities@^3.0.1:
  version "3.0.1"
  resolved "https://registry.yarnpkg.com/entities/-/entities-3.0.1.tgz#2b887ca62585e96db3903482d336c1006c3001d4"
  integrity sha512-WiyBqoomrwMdFG1e0kqvASYfnlb0lp8M5o5Fw2OFq1hNZxxcNk8Ik0Xm7LxzBhuidnZB/UtBqVCgUz3kBOP51Q==

html-dom-parser@1.1.0:
  version "1.1.0"
  resolved "https://registry.yarnpkg.com/html-dom-parser/-/html-dom-parser-1.1.0.tgz#daf0ff559bb0c4ffe7543d507baeaf1e2ca14e2c"
  integrity sha512-x3MOz8S8BkihGgggtp2N0U+JAWlD9iGERbjuBJH+gIGF9B1kGQh5x489IQ0YPqi8HyMIWCRLdJY1q3IaQlqG/Q==
  dependencies:
    domhandler "4.3.0"
    htmlparser2 "7.2.0"

html-react-parser@^1.4.8:
  version "1.4.8"
  resolved "https://registry.yarnpkg.com/html-react-parser/-/html-react-parser-1.4.8.tgz#27bc0f9dc294c875daeca8a21a48d5b845a1364e"
  integrity sha512-5XsBdFVhJLxdtRp7tWwZ6DwqOt6fJ+2lJc0lctwjX1yaxWNB41S5uzqii7vJcSCaabM+CK28U75e5f4wIMqdSg==
  dependencies:
    domhandler "4.3.0"
    html-dom-parser "1.1.0"
    react-property "2.0.0"
    style-to-js "1.1.0"

htmlparser2@7.2.0:
  version "7.2.0"
  resolved "https://registry.yarnpkg.com/htmlparser2/-/htmlparser2-7.2.0.tgz#8817cdea38bbc324392a90b1990908e81a65f5a5"
  integrity sha512-H7MImA4MS6cw7nbyURtLPO1Tms7C5H602LRETv95z1MxO/7CP7rDVROehUYeYBUYEON94NXXDEPmZuq+hX4sog==
  dependencies:
    domelementtype "^2.0.1"
    domhandler "^4.2.2"
    domutils "^2.8.0"
    entities "^3.0.1"

inline-style-parser@0.1.1:
  version "0.1.1"
  resolved "https://registry.yarnpkg.com/inline-style-parser/-/inline-style-parser-0.1.1.tgz#ec8a3b429274e9c0a1f1c4ffa9453a7fef72cea1"
  integrity sha512-7NXolsK4CAS5+xvdj5OMMbI962hU/wvwoxk+LWR9Ek9bVtyuuYScDN6eS0rUm6TxApFpw7CX1o4uJzcd4AyD3Q==

react-property@2.0.0:
  version "2.0.0"
  resolved "https://registry.yarnpkg.com/react-property/-/react-property-2.0.0.tgz#2156ba9d85fa4741faf1918b38efc1eae3c6a136"
  integrity sha512-kzmNjIgU32mO4mmH5+iUyrqlpFQhF8K2k7eZ4fdLSOPFrD1XgEuSBv9LDEgxRXTMBqMd8ppT0x6TIzqE5pdGdw==

style-to-js@1.1.0:
  version "1.1.0"
  resolved "https://registry.yarnpkg.com/style-to-js/-/style-to-js-1.1.0.tgz#631cbb20fce204019b3aa1fcb5b69d951ceac4ac"
  integrity sha512-1OqefPDxGrlMwcbfpsTVRyzwdhr4W0uxYQzeA2F1CBc8WG04udg2+ybRnvh3XYL4TdHQrCahLtax2jc8xaE6rA==
  dependencies:
    style-to-object "0.3.0"

style-to-object@0.3.0:
  version "0.3.0"
  resolved "https://registry.yarnpkg.com/style-to-object/-/style-to-object-0.3.0.tgz#b1b790d205991cc783801967214979ee19a76e46"
  integrity sha512-CzFnRRXhzWIdItT3OmF8SQfWyahHhjq3HwcMNCNLn+N7klOOqPjMeG/4JSu77D7ypZdGvSzvkrbyeTMizz2VrA==
  dependencies:
    inline-style-parser "0.1.1"
