<Solution>
  <Folder Name="/src/">
    <Project Path="src/StudioGateway.Api/StudioGateway.Api.csproj" />
    <Project Path="src/StudioGateway.Contracts/StudioGateway.Contracts.csproj" />
  </Folder>
  <Folder Name="/tests/">
    <Project Path="tests/StudioGateway.Api.Tests/StudioGateway.Api.Tests.csproj" />
  </Folder>
  <Project Path="../common/Altinn.Studio.Runtime.Common.csproj" />
</Solution>
