
Microsoft Visual Studio Solution File, Format Version 12.00
# Visual Studio Version 17
VisualStudioVersion = 17.0.31903.59
MinimumVisualStudioVersion = 10.0.40219.1
Project("{2150E333-8FDC-42A3-9474-1A3956D46DE8}") = "src", "src", "{0436C9FA-A841-4BC4-AC45-0F4EAA15362C}"
EndProject
Project("{FAE04EC0-301F-11D3-BF4B-00C04F79EFBC}") = "StudioGateway.Api", "src\StudioGateway.Api\StudioGateway.Api.csproj", "{97C1F1D8-A9AB-45BE-9F39-C54A1D43FC85}"
EndProject
Global
	GlobalSection(SolutionConfigurationPlatforms) = preSolution
		Debug|Any CPU = Debug|Any CPU
		Release|Any CPU = Release|Any CPU
	EndGlobalSection
	GlobalSection(SolutionProperties) = preSolution
		HideSolutionNode = FALSE
	EndGlobalSection
	GlobalSection(ProjectConfigurationPlatforms) = postSolution
		{97C1F1D8-A9AB-45BE-9F39-C54A1D43FC85}.Debug|Any CPU.ActiveCfg = Debug|Any CPU
		{97C1F1D8-A9AB-45BE-9F39-C54A1D43FC85}.Debug|Any CPU.Build.0 = Debug|Any CPU
		{97C1F1D8-A9AB-45BE-9F39-C54A1D43FC85}.Release|Any CPU.ActiveCfg = Release|Any CPU
		{97C1F1D8-A9AB-45BE-9F39-C54A1D43FC85}.Release|Any CPU.Build.0 = Release|Any CPU
	EndGlobalSection
	GlobalSection(NestedProjects) = preSolution
		{97C1F1D8-A9AB-45BE-9F39-C54A1D43FC85} = {0436C9FA-A841-4BC4-AC45-0F4EAA15362C}
	EndGlobalSection
EndGlobal
