
Microsoft Visual Studio Solution File, Format Version 12.00
# Visual Studio Version 16
VisualStudioVersion = 16.0.29215.179
MinimumVisualStudioVersion = 10.0.40219.1
Project("{9A19103F-16F7-4668-BE54-9A1E7A4F7556}") = "Designer", "backend\Designer.csproj", "{6D0AC0E2-5A9A-4804-AA89-48000067AEB0}"
EndProject
Project("{E53339B2-1760-4266-BCC7-CA923CBCF16C}") = "docker-compose", "..\..\docker-compose.dcproj", "{56321ACF-FBE6-4445-98BB-FAF9B18C5EB4}"
EndProject
Project("{9A19103F-16F7-4668-BE54-9A1E7A4F7556}") = "Designer.Tests", "backend.Tests\Designer.Tests.csproj", "{9DB55096-4A57-4E3D-9D2C-B2405C461267}"
EndProject
Project("{9A19103F-16F7-4668-BE54-9A1E7A4F7556}") = "DataModeling", "DataModeling\DataModeling.csproj", "{C7D0A356-65CA-411E-AB7E-6EBBA109D6CA}"
EndProject
Project("{9A19103F-16F7-4668-BE54-9A1E7A4F7556}") = "DataModeling.Tests", "DataModeling.Tests\DataModeling.Tests.csproj", "{0D93F654-B4E2-4295-928E-374F40C8ACE9}"
EndProject
Global
	GlobalSection(SolutionConfigurationPlatforms) = preSolution
		Debug|Any CPU = Debug|Any CPU
		Release|Any CPU = Release|Any CPU
	EndGlobalSection
	GlobalSection(ProjectConfigurationPlatforms) = postSolution
		{6D0AC0E2-5A9A-4804-AA89-48000067AEB0}.Debug|Any CPU.ActiveCfg = Debug|Any CPU
		{6D0AC0E2-5A9A-4804-AA89-48000067AEB0}.Debug|Any CPU.Build.0 = Debug|Any CPU
		{6D0AC0E2-5A9A-4804-AA89-48000067AEB0}.Release|Any CPU.ActiveCfg = Release|Any CPU
		{6D0AC0E2-5A9A-4804-AA89-48000067AEB0}.Release|Any CPU.Build.0 = Release|Any CPU
		{56321ACF-FBE6-4445-98BB-FAF9B18C5EB4}.Debug|Any CPU.ActiveCfg = Debug|Any CPU
		{56321ACF-FBE6-4445-98BB-FAF9B18C5EB4}.Debug|Any CPU.Build.0 = Debug|Any CPU
		{56321ACF-FBE6-4445-98BB-FAF9B18C5EB4}.Release|Any CPU.ActiveCfg = Release|Any CPU
		{56321ACF-FBE6-4445-98BB-FAF9B18C5EB4}.Release|Any CPU.Build.0 = Release|Any CPU
		{9DB55096-4A57-4E3D-9D2C-B2405C461267}.Debug|Any CPU.ActiveCfg = Debug|Any CPU
		{9DB55096-4A57-4E3D-9D2C-B2405C461267}.Debug|Any CPU.Build.0 = Debug|Any CPU
		{9DB55096-4A57-4E3D-9D2C-B2405C461267}.Release|Any CPU.ActiveCfg = Release|Any CPU
		{9DB55096-4A57-4E3D-9D2C-B2405C461267}.Release|Any CPU.Build.0 = Release|Any CPU
		{C7D0A356-65CA-411E-AB7E-6EBBA109D6CA}.Debug|Any CPU.ActiveCfg = Debug|Any CPU
		{C7D0A356-65CA-411E-AB7E-6EBBA109D6CA}.Debug|Any CPU.Build.0 = Debug|Any CPU
		{C7D0A356-65CA-411E-AB7E-6EBBA109D6CA}.Release|Any CPU.ActiveCfg = Release|Any CPU
		{C7D0A356-65CA-411E-AB7E-6EBBA109D6CA}.Release|Any CPU.Build.0 = Release|Any CPU
		{0D93F654-B4E2-4295-928E-374F40C8ACE9}.Debug|Any CPU.ActiveCfg = Debug|Any CPU
		{0D93F654-B4E2-4295-928E-374F40C8ACE9}.Debug|Any CPU.Build.0 = Debug|Any CPU
		{0D93F654-B4E2-4295-928E-374F40C8ACE9}.Release|Any CPU.ActiveCfg = Release|Any CPU
		{0D93F654-B4E2-4295-928E-374F40C8ACE9}.Release|Any CPU.Build.0 = Release|Any CPU
	EndGlobalSection
	GlobalSection(SolutionProperties) = preSolution
		HideSolutionNode = FALSE
	EndGlobalSection
	GlobalSection(ExtensibilityGlobals) = postSolution
		SolutionGuid = {26A53E83-4F29-4AF5-B556-7E0F90B1DB47}
	EndGlobalSection
EndGlobal
