
Microsoft Visual Studio Solution File, Format Version 12.00
# Visual Studio 15
VisualStudioVersion = 15.0.28307.539
MinimumVisualStudioVersion = 10.0.40219.1
Project("{9A19103F-16F7-4668-BE54-9A1E7A4F7556}") = "Altinn.Platform.Profile", "Profile\Altinn.Platform.Profile.csproj", "{03DB9A27-7C8B-4369-A0B8-266CEF7E93A9}"
EndProject
Project("{E53339B2-1760-4266-BCC7-CA923CBCF16C}") = "docker-compose", "docker-compose.dcproj", "{DFD11A0E-FC6D-4979-87A4-7A7B5DC66695}"
EndProject
Project("{2150E333-8FDC-42A3-9474-1A3956D46DE8}") = "Solution Items", "Solution Items", "{BA784F39-D1C6-4AF4-A8D8-DA9EC183636F}"
	ProjectSection(SolutionItems) = preProject
		Altinn3.ruleset = Altinn3.ruleset
		stylecop.json = stylecop.json
	EndProjectSection
EndProject
Global
	GlobalSection(SolutionConfigurationPlatforms) = preSolution
		Debug|Any CPU = Debug|Any CPU
		Release|Any CPU = Release|Any CPU
	EndGlobalSection
	GlobalSection(ProjectConfigurationPlatforms) = postSolution
		{03DB9A27-7C8B-4369-A0B8-266CEF7E93A9}.Debug|Any CPU.ActiveCfg = Debug|Any CPU
		{03DB9A27-7C8B-4369-A0B8-266CEF7E93A9}.Debug|Any CPU.Build.0 = Debug|Any CPU
		{03DB9A27-7C8B-4369-A0B8-266CEF7E93A9}.Release|Any CPU.ActiveCfg = Release|Any CPU
		{03DB9A27-7C8B-4369-A0B8-266CEF7E93A9}.Release|Any CPU.Build.0 = Release|Any CPU
		{DFD11A0E-FC6D-4979-87A4-7A7B5DC66695}.Debug|Any CPU.ActiveCfg = Debug|Any CPU
		{DFD11A0E-FC6D-4979-87A4-7A7B5DC66695}.Debug|Any CPU.Build.0 = Debug|Any CPU
		{DFD11A0E-FC6D-4979-87A4-7A7B5DC66695}.Release|Any CPU.ActiveCfg = Release|Any CPU
		{DFD11A0E-FC6D-4979-87A4-7A7B5DC66695}.Release|Any CPU.Build.0 = Release|Any CPU
	EndGlobalSection
	GlobalSection(SolutionProperties) = preSolution
		HideSolutionNode = FALSE
	EndGlobalSection
	GlobalSection(ExtensibilityGlobals) = postSolution
		SolutionGuid = {0BE3D36E-14FA-4A8E-A968-DE322F5A381E}
	EndGlobalSection
EndGlobal
