
Microsoft Visual Studio Solution File, Format Version 12.00
# Visual Studio Version 16
VisualStudioVersion = 16.0.29411.108
MinimumVisualStudioVersion = 10.0.40219.1
Project("{9A19103F-16F7-4668-BE54-9A1E7A4F7556}") = "Altinn.Platform.Storage", "Storage\Altinn.Platform.Storage.csproj", "{6E75FF22-28FE-4292-8616-8B60F8399FC5}"
EndProject
Project("{2150E333-8FDC-42A3-9474-1A3956D46DE8}") = "Solution Items", "Solution Items", "{1BD2EC3C-F15E-412E-8E80-598E8666F478}"
	ProjectSection(SolutionItems) = preProject
		Altinn3.ruleset = Altinn3.ruleset
		stylecop.json = stylecop.json
	EndProjectSection
EndProject
Project("{E53339B2-1760-4266-BCC7-CA923CBCF16C}") = "docker-compose", "docker-compose.dcproj", "{DFD11A0E-FC6D-4979-87A4-7A7B5DC66695}"
EndProject
Project("{9A19103F-16F7-4668-BE54-9A1E7A4F7556}") = "Altinn.Platform.Storage.Interface", "Storage.Interface\Altinn.Platform.Storage.Interface.csproj", "{D9F6DAB7-E921-44B6-A1A6-5796DCAE0D07}"
EndProject
Project("{9A19103F-16F7-4668-BE54-9A1E7A4F7556}") = "Altinn.Platform.Storage.UnitTest", "UnitTest\Altinn.Platform.Storage.UnitTest.csproj", "{7AD8A36D-CC19-4799-935E-FC99870CE096}"
EndProject
Project("{9A19103F-16F7-4668-BE54-9A1E7A4F7556}") = "Altinn.Platform.Storage.CosmosBackup", "CosmosBackup\Altinn.Platform.Storage.CosmosBackup.csproj", "{E484AEDD-0708-4C1A-B77A-4239251D524A}"
EndProject
Project("{9A19103F-16F7-4668-BE54-9A1E7A4F7556}") = "Altinn.Platform.Storage.DataCleanup", "DataCleanup\Altinn.Platform.Storage.DataCleanup.csproj", "{3F69C9C9-D602-490C-B2BA-A5FB27E363EE}"
EndProject
Global
	GlobalSection(SolutionConfigurationPlatforms) = preSolution
		Debug|Any CPU = Debug|Any CPU
		Release|Any CPU = Release|Any CPU
	EndGlobalSection
	GlobalSection(ProjectConfigurationPlatforms) = postSolution
		{6E75FF22-28FE-4292-8616-8B60F8399FC5}.Debug|Any CPU.ActiveCfg = Debug|Any CPU
		{6E75FF22-28FE-4292-8616-8B60F8399FC5}.Debug|Any CPU.Build.0 = Debug|Any CPU
		{6E75FF22-28FE-4292-8616-8B60F8399FC5}.Release|Any CPU.ActiveCfg = Release|Any CPU
		{6E75FF22-28FE-4292-8616-8B60F8399FC5}.Release|Any CPU.Build.0 = Release|Any CPU
		{DFD11A0E-FC6D-4979-87A4-7A7B5DC66695}.Debug|Any CPU.ActiveCfg = Debug|Any CPU
		{DFD11A0E-FC6D-4979-87A4-7A7B5DC66695}.Debug|Any CPU.Build.0 = Debug|Any CPU
		{DFD11A0E-FC6D-4979-87A4-7A7B5DC66695}.Release|Any CPU.ActiveCfg = Release|Any CPU
		{DFD11A0E-FC6D-4979-87A4-7A7B5DC66695}.Release|Any CPU.Build.0 = Release|Any CPU
		{D9F6DAB7-E921-44B6-A1A6-5796DCAE0D07}.Debug|Any CPU.ActiveCfg = Debug|Any CPU
		{D9F6DAB7-E921-44B6-A1A6-5796DCAE0D07}.Debug|Any CPU.Build.0 = Debug|Any CPU
		{D9F6DAB7-E921-44B6-A1A6-5796DCAE0D07}.Release|Any CPU.ActiveCfg = Release|Any CPU
		{D9F6DAB7-E921-44B6-A1A6-5796DCAE0D07}.Release|Any CPU.Build.0 = Release|Any CPU
		{7AD8A36D-CC19-4799-935E-FC99870CE096}.Debug|Any CPU.ActiveCfg = Debug|Any CPU
		{7AD8A36D-CC19-4799-935E-FC99870CE096}.Debug|Any CPU.Build.0 = Debug|Any CPU
		{7AD8A36D-CC19-4799-935E-FC99870CE096}.Release|Any CPU.ActiveCfg = Release|Any CPU
		{7AD8A36D-CC19-4799-935E-FC99870CE096}.Release|Any CPU.Build.0 = Release|Any CPU
		{E484AEDD-0708-4C1A-B77A-4239251D524A}.Debug|Any CPU.ActiveCfg = Debug|Any CPU
		{E484AEDD-0708-4C1A-B77A-4239251D524A}.Debug|Any CPU.Build.0 = Debug|Any CPU
		{E484AEDD-0708-4C1A-B77A-4239251D524A}.Release|Any CPU.ActiveCfg = Release|Any CPU
		{E484AEDD-0708-4C1A-B77A-4239251D524A}.Release|Any CPU.Build.0 = Release|Any CPU
		{3F69C9C9-D602-490C-B2BA-A5FB27E363EE}.Debug|Any CPU.ActiveCfg = Debug|Any CPU
		{3F69C9C9-D602-490C-B2BA-A5FB27E363EE}.Debug|Any CPU.Build.0 = Debug|Any CPU
		{3F69C9C9-D602-490C-B2BA-A5FB27E363EE}.Release|Any CPU.ActiveCfg = Release|Any CPU
		{3F69C9C9-D602-490C-B2BA-A5FB27E363EE}.Release|Any CPU.Build.0 = Release|Any CPU
	EndGlobalSection
	GlobalSection(SolutionProperties) = preSolution
		HideSolutionNode = FALSE
	EndGlobalSection
	GlobalSection(ExtensibilityGlobals) = postSolution
		SolutionGuid = {F7D45936-4179-4CD5-8C2A-F0C3E41EB6DD}
	EndGlobalSection
EndGlobal
