{
  "name": "service-development",
  "version": "0.1.0",
  "lockfileVersion": 1,
  "requires": true,
  "dependencies": {
    "prettier": {
      "version": "1.16.1",
      "resolved": "https://registry.npmjs.org/prettier/-/prettier-1.16.1.tgz",
      "integrity": "sha512-XXUITwIkGb3CPJ2hforHah/zTINRyie5006Jd2HKy2qz7snEJXl0KLfsJZW/wst9g6R2rFvqba3VpNYdu1hDcA==",
      "dev": true
    }
  }
}
