
Microsoft Visual Studio Solution File, Format Version 12.00
# Visual Studio Version 16
VisualStudioVersion = 16.0.29409.12
MinimumVisualStudioVersion = 10.0.40219.1
Project("{9A19103F-16F7-4668-BE54-9A1E7A4F7556}") = "App.IntegrationTestsRef", "App.IntegrationTests\App.IntegrationTestsRef.csproj", "{0A5374D4-7A33-45F4-A461-9A13A89E3723}"
EndProject
Project("{9A19103F-16F7-4668-BE54-9A1E7A4F7556}") = "AppRef", "App\AppRef.csproj", "{5C8A01E3-22E5-4F22-9718-9311CB660D06}"
EndProject
Project("{9A19103F-16F7-4668-BE54-9A1E7A4F7556}") = "Altinn.App.Api", "Altinn.App.Api\Altinn.App.Api.csproj", "{E8F29FE8-6B62-41F1-A08C-2A318DD08BB4}"
EndProject
Project("{9A19103F-16F7-4668-BE54-9A1E7A4F7556}") = "Altinn.App.Common", "Altinn.App.Common\Altinn.App.Common.csproj", "{7D2FF2B1-7F21-4934-9D77-DBCDC15BD8CC}"
EndProject
Project("{9A19103F-16F7-4668-BE54-9A1E7A4F7556}") = "Altinn.App.PlatformServices", "Altinn.App.PlatformServices\Altinn.App.PlatformServices.csproj", "{98E6200A-ED99-418E-B30C-81BA564B509A}"
EndProject
Global
	GlobalSection(SolutionConfigurationPlatforms) = preSolution
		Debug|Any CPU = Debug|Any CPU
		Release|Any CPU = Release|Any CPU
	EndGlobalSection
	GlobalSection(ProjectConfigurationPlatforms) = postSolution
		{0A5374D4-7A33-45F4-A461-9A13A89E3723}.Debug|Any CPU.ActiveCfg = Debug|Any CPU
		{0A5374D4-7A33-45F4-A461-9A13A89E3723}.Debug|Any CPU.Build.0 = Debug|Any CPU
		{0A5374D4-7A33-45F4-A461-9A13A89E3723}.Release|Any CPU.ActiveCfg = Release|Any CPU
		{0A5374D4-7A33-45F4-A461-9A13A89E3723}.Release|Any CPU.Build.0 = Release|Any CPU
		{5C8A01E3-22E5-4F22-9718-9311CB660D06}.Debug|Any CPU.ActiveCfg = Debug|Any CPU
		{5C8A01E3-22E5-4F22-9718-9311CB660D06}.Debug|Any CPU.Build.0 = Debug|Any CPU
		{5C8A01E3-22E5-4F22-9718-9311CB660D06}.Release|Any CPU.ActiveCfg = Release|Any CPU
		{5C8A01E3-22E5-4F22-9718-9311CB660D06}.Release|Any CPU.Build.0 = Release|Any CPU
		{E8F29FE8-6B62-41F1-A08C-2A318DD08BB4}.Debug|Any CPU.ActiveCfg = Debug|Any CPU
		{E8F29FE8-6B62-41F1-A08C-2A318DD08BB4}.Debug|Any CPU.Build.0 = Debug|Any CPU
		{E8F29FE8-6B62-41F1-A08C-2A318DD08BB4}.Release|Any CPU.ActiveCfg = Release|Any CPU
		{E8F29FE8-6B62-41F1-A08C-2A318DD08BB4}.Release|Any CPU.Build.0 = Release|Any CPU
		{7D2FF2B1-7F21-4934-9D77-DBCDC15BD8CC}.Debug|Any CPU.ActiveCfg = Debug|Any CPU
		{7D2FF2B1-7F21-4934-9D77-DBCDC15BD8CC}.Debug|Any CPU.Build.0 = Debug|Any CPU
		{7D2FF2B1-7F21-4934-9D77-DBCDC15BD8CC}.Release|Any CPU.ActiveCfg = Release|Any CPU
		{7D2FF2B1-7F21-4934-9D77-DBCDC15BD8CC}.Release|Any CPU.Build.0 = Release|Any CPU
		{98E6200A-ED99-418E-B30C-81BA564B509A}.Debug|Any CPU.ActiveCfg = Debug|Any CPU
		{98E6200A-ED99-418E-B30C-81BA564B509A}.Debug|Any CPU.Build.0 = Debug|Any CPU
		{98E6200A-ED99-418E-B30C-81BA564B509A}.Release|Any CPU.ActiveCfg = Release|Any CPU
		{98E6200A-ED99-418E-B30C-81BA564B509A}.Release|Any CPU.Build.0 = Release|Any CPU
	EndGlobalSection
	GlobalSection(SolutionProperties) = preSolution
		HideSolutionNode = FALSE
	EndGlobalSection
	GlobalSection(ExtensibilityGlobals) = postSolution
		SolutionGuid = {4584C6E1-D5B4-40B1-A8C4-CF4620EB0896}
	EndGlobalSection
EndGlobal
