
Microsoft Visual Studio Solution File, Format Version 12.00
# Visual Studio Version 16
VisualStudioVersion = 16.0.30907.101
MinimumVisualStudioVersion = 10.0.40219.1
Project("{9A19103F-16F7-4668-BE54-9A1E7A4F7556}") = "Altinn.EFormidlingClient", "Altinn.EFormidlingClient\Altinn.EFormidlingClient.csproj", "{3EE9F578-0CB0-4884-9A68-DF50D1957FE1}"
EndProject
Project("{9A19103F-16F7-4668-BE54-9A1E7A4F7556}") = "Altinn.EFormidlingClient.Tests", "Altinn.EFormidlingClient.Tests\Altinn.EFormidlingClient.Tests.csproj", "{090C4A90-4E9F-4FBF-AD9D-891CD9BDFD96}"
EndProject
Global
	GlobalSection(SolutionConfigurationPlatforms) = preSolution
		Debug|Any CPU = Debug|Any CPU
		Release|Any CPU = Release|Any CPU
	EndGlobalSection
	GlobalSection(ProjectConfigurationPlatforms) = postSolution
		{3EE9F578-0CB0-4884-9A68-DF50D1957FE1}.Debug|Any CPU.ActiveCfg = Debug|Any CPU
		{3EE9F578-0CB0-4884-9A68-DF50D1957FE1}.Debug|Any CPU.Build.0 = Debug|Any CPU
		{3EE9F578-0CB0-4884-9A68-DF50D1957FE1}.Release|Any CPU.ActiveCfg = Release|Any CPU
		{3EE9F578-0CB0-4884-9A68-DF50D1957FE1}.Release|Any CPU.Build.0 = Release|Any CPU
		{090C4A90-4E9F-4FBF-AD9D-891CD9BDFD96}.Debug|Any CPU.ActiveCfg = Debug|Any CPU
		{090C4A90-4E9F-4FBF-AD9D-891CD9BDFD96}.Debug|Any CPU.Build.0 = Debug|Any CPU
		{090C4A90-4E9F-4FBF-AD9D-891CD9BDFD96}.Release|Any CPU.ActiveCfg = Release|Any CPU
		{090C4A90-4E9F-4FBF-AD9D-891CD9BDFD96}.Release|Any CPU.Build.0 = Release|Any CPU
	EndGlobalSection
	GlobalSection(SolutionProperties) = preSolution
		HideSolutionNode = FALSE
	EndGlobalSection
	GlobalSection(ExtensibilityGlobals) = postSolution
		SolutionGuid = {4E6BC023-0117-4D4B-8448-6E69F99312C2}
	EndGlobalSection
EndGlobal
