<Solution>
  <Folder Name="/src/">
    <Project Path="src/Altinn.App.Ai.Enrichment/Altinn.App.Ai.Enrichment.csproj" />
  </Folder>
  <Folder Name="/test/">
    <Project Path="test/Altinn.App.Ai.Enrichment.Tests/Altinn.App.Ai.Enrichment.Tests.csproj" />
  </Folder>
  <Folder Name="/tools/">
    <Project Path="tools/Altinn.App.Ai.Enrichment.ScoreImport/Altinn.App.Ai.Enrichment.ScoreImport.csproj" />
    <Project Path="tools/Altinn.App.Ai.Enrichment.TraceProbe/Altinn.App.Ai.Enrichment.TraceProbe.csproj" />
  </Folder>
</Solution>
