
Microsoft Visual Studio Solution File, Format Version 12.00
# Visual Studio 15
VisualStudioVersion = 15.0.28307.572
MinimumVisualStudioVersion = 10.0.40219.1
Project("{9A19103F-16F7-4668-BE54-9A1E7A4F7556}") = "Common", "Common\Common\Common.csproj", "{99F54023-F052-4CA6-B52E-5D5A8ACD4557}"
EndProject
Global
	GlobalSection(SolutionConfigurationPlatforms) = preSolution
		Debug|Any CPU = Debug|Any CPU
		Release|Any CPU = Release|Any CPU
	EndGlobalSection
	GlobalSection(ProjectConfigurationPlatforms) = postSolution
		{99F54023-F052-4CA6-B52E-5D5A8ACD4557}.Debug|Any CPU.ActiveCfg = Debug|Any CPU
		{99F54023-F052-4CA6-B52E-5D5A8ACD4557}.Debug|Any CPU.Build.0 = Debug|Any CPU
		{99F54023-F052-4CA6-B52E-5D5A8ACD4557}.Release|Any CPU.ActiveCfg = Release|Any CPU
		{99F54023-F052-4CA6-B52E-5D5A8ACD4557}.Release|Any CPU.Build.0 = Release|Any CPU
	EndGlobalSection
	GlobalSection(SolutionProperties) = preSolution
		HideSolutionNode = FALSE
	EndGlobalSection
	GlobalSection(ExtensibilityGlobals) = postSolution
		SolutionGuid = {012DFFF3-DF3A-46E9-8F8E-2B978D39D127}
	EndGlobalSection
EndGlobal
