{
	"name": "runtime",
	"version": "1.0.0",
	"lockfileVersion": 1,
	"requires": true,
	"dependencies": {
		"@material-ui/core": {
			"version": "4.3.2",
			"resolved": "https://registry.npmjs.org/@material-ui/core/-/core-4.3.2.tgz",
			"integrity": "sha512-TLKEUw3/R/pOInnJkx0x78zqMos34SPL3HfuRRZMxInRQ6AKUlyglOFyvSwFITknTmc8AGRFknGpZt05g2XFTg==",
			"requires": {
				"@babel/runtime": "^7.4.4",
				"@material-ui/styles": "^4.3.0",
				"@material-ui/system": "^4.3.3",
				"@material-ui/types": "^4.1.1",
				"@material-ui/utils": "^4.3.0",
				"@types/react-transition-group": "^4.2.0",
				"clsx": "^1.0.2",
				"convert-css-length": "^2.0.1",
				"deepmerge": "^4.0.0",
				"hoist-non-react-statics": "^3.2.1",
				"is-plain-object": "^3.0.0",
				"normalize-scroll-left": "^0.2.0",
				"popper.js": "^1.14.1",
				"prop-types": "^15.7.2",
				"react-transition-group": "^4.0.0",
				"warning": "^4.0.1"
			},
			"dependencies": {
				"@babel/runtime": {
					"version": "7.5.5",
					"resolved": "https://registry.npmjs.org/@babel/runtime/-/runtime-7.5.5.tgz",
					"integrity": "sha512-28QvEGyQyNkB0/m2B4FU7IEZGK2NUrcMtT6BZEFALTguLk+AUT6ofsHtPk5QyjAdUkpMJ+/Em+quwz4HOt30AQ==",
					"requires": {
						"regenerator-runtime": "^0.13.2"
					}
				},
				"@emotion/hash": {
					"version": "0.7.2",
					"resolved": "https://registry.npmjs.org/@emotion/hash/-/hash-0.7.2.tgz",
					"integrity": "sha512-RMtr1i6E8MXaBWwhXL3yeOU8JXRnz8GNxHvaUfVvwxokvayUY0zoBeWbKw1S9XkufmGEEdQd228pSZXFkAln8Q=="
				},
				"@material-ui/styles": {
					"version": "4.3.0",
					"resolved": "https://registry.npmjs.org/@material-ui/styles/-/styles-4.3.0.tgz",
					"integrity": "sha512-7yOu+IOvbTVM+LfFJ0c7RZKksSpi2PmPwMhVnAKo1Ca3Nadjd950ALL6WG+R/W3C3GqakUvOqA5OLMvN/8N2jg==",
					"requires": {
						"@babel/runtime": "^7.4.4",
						"@emotion/hash": "^0.7.1",
						"@material-ui/types": "^4.1.1",
						"@material-ui/utils": "^4.1.0",
						"clsx": "^1.0.2",
						"csstype": "^2.5.2",
						"deepmerge": "^4.0.0",
						"hoist-non-react-statics": "^3.2.1",
						"jss": "10.0.0-alpha.23",
						"jss-plugin-camel-case": "10.0.0-alpha.23",
						"jss-plugin-default-unit": "10.0.0-alpha.23",
						"jss-plugin-global": "10.0.0-alpha.23",
						"jss-plugin-nested": "10.0.0-alpha.23",
						"jss-plugin-props-sort": "10.0.0-alpha.23",
						"jss-plugin-rule-value-function": "10.0.0-alpha.23",
						"jss-plugin-vendor-prefixer": "10.0.0-alpha.23",
						"prop-types": "^15.7.2",
						"warning": "^4.0.1"
					}
				},
				"@material-ui/system": {
					"version": "4.3.3",
					"resolved": "https://registry.npmjs.org/@material-ui/system/-/system-4.3.3.tgz",
					"integrity": "sha512-j7JyvlhcTdc1wV6HzrDTU7XXlarxYXEUyzyHawOA0kCGmYVN2uFHENQRARLUdl+mEmuXO4TsAhNAiqiKakkFMg==",
					"requires": {
						"@babel/runtime": "^7.4.4",
						"deepmerge": "^4.0.0",
						"prop-types": "^15.7.2",
						"warning": "^4.0.1"
					}
				},
				"@material-ui/types": {
					"version": "4.1.1",
					"resolved": "https://registry.npmjs.org/@material-ui/types/-/types-4.1.1.tgz",
					"integrity": "sha512-AN+GZNXytX9yxGi0JOfxHrRTbhFybjUJ05rnsBVjcB+16e466Z0Xe5IxawuOayVZgTBNDxmPKo5j4V6OnMtaSQ==",
					"requires": {
						"@types/react": "*"
					}
				},
				"@material-ui/utils": {
					"version": "4.3.0",
					"resolved": "https://registry.npmjs.org/@material-ui/utils/-/utils-4.3.0.tgz",
					"integrity": "sha512-tK3Z/ap5ifPQwIryuGQ+AHLh2hEyBLRPj4NCMcqVrQfD+0KH2IP5BXR4A+wGVsyamKfLaOc8tz1fzxZblsztpw==",
					"requires": {
						"@babel/runtime": "^7.4.4",
						"prop-types": "^15.7.2",
						"react-is": "^16.8.6"
					}
				},
				"@types/prop-types": {
					"version": "15.7.1",
					"resolved": "https://registry.npmjs.org/@types/prop-types/-/prop-types-15.7.1.tgz",
					"integrity": "sha512-CFzn9idOEpHrgdw8JsoTkaDDyRWk1jrzIV8djzcgpq0y9tG4B4lFT+Nxh52DVpDXV+n4+NPNv7M1Dj5uMp6XFg=="
				},
				"@types/react": {
					"version": "16.9.2",
					"resolved": "https://registry.npmjs.org/@types/react/-/react-16.9.2.tgz",
					"integrity": "sha512-jYP2LWwlh+FTqGd9v7ynUKZzjj98T8x7Yclz479QdRhHfuW9yQ+0jjnD31eXSXutmBpppj5PYNLYLRfnZJvcfg==",
					"requires": {
						"@types/prop-types": "*",
						"csstype": "^2.2.0"
					}
				},
				"@types/react-transition-group": {
					"version": "4.2.2",
					"resolved": "https://registry.npmjs.org/@types/react-transition-group/-/react-transition-group-4.2.2.tgz",
					"integrity": "sha512-YfoaTNqBwbIqpiJ5NNfxfgg5kyFP1Hqf/jqBtSWNv0E+EkkxmN+3VD6U2fu86tlQvdAc1o0SdWhnWFwcRMTn9A==",
					"requires": {
						"@types/react": "*"
					}
				},
				"clsx": {
					"version": "1.0.4",
					"resolved": "https://registry.npmjs.org/clsx/-/clsx-1.0.4.tgz",
					"integrity": "sha512-1mQ557MIZTrL/140j+JVdRM6e31/OA4vTYxXgqIIZlndyfjHpyawKZia1Im05Vp9BWmImkcNrNtFYQMyFcgJDg=="
				},
				"convert-css-length": {
					"version": "2.0.1",
					"resolved": "https://registry.npmjs.org/convert-css-length/-/convert-css-length-2.0.1.tgz",
					"integrity": "sha512-iGpbcvhLPRKUbBc0Quxx7w/bV14AC3ItuBEGMahA5WTYqB8lq9jH0kTXFheCBASsYnqeMFZhiTruNxr1N59Axg=="
				},
				"css-vendor": {
					"version": "2.0.6",
					"resolved": "https://registry.npmjs.org/css-vendor/-/css-vendor-2.0.6.tgz",
					"integrity": "sha512-buv8FoZh84iMrtPHYGYll00/qSNV0gYO6E/GUCjUPTsSPj7uf/wot/QZwig+7qdFGxJ7HjOSJoclbhag09TVUQ==",
					"requires": {
						"@babel/runtime": "^7.5.5",
						"is-in-browser": "^1.0.2"
					}
				},
				"csstype": {
					"version": "2.6.6",
					"resolved": "https://registry.npmjs.org/csstype/-/csstype-2.6.6.tgz",
					"integrity": "sha512-RpFbQGUE74iyPgvr46U9t1xoQBM8T4BL8SxrN66Le2xYAPSaDJJKeztV3awugusb3g3G9iL8StmkBBXhcbbXhg=="
				},
				"deepmerge": {
					"version": "4.0.0",
					"resolved": "https://registry.npmjs.org/deepmerge/-/deepmerge-4.0.0.tgz",
					"integrity": "sha512-YZ1rOP5+kHor4hMAH+HRQnBQHg+wvS1un1hAOuIcxcBy0hzcUf6Jg2a1w65kpoOUnurOfZbERwjI1TfZxNjcww=="
				},
				"dom-helpers": {
					"version": "3.4.0",
					"resolved": "https://registry.npmjs.org/dom-helpers/-/dom-helpers-3.4.0.tgz",
					"integrity": "sha512-LnuPJ+dwqKDIyotW1VzmOZ5TONUN7CwkCR5hrgawTUbkBGYdeoNLZo6nNfGkCrjtE1nXXaj7iMMpDa8/d9WoIA==",
					"requires": {
						"@babel/runtime": "^7.1.2"
					}
				},
				"hoist-non-react-statics": {
					"version": "3.3.0",
					"resolved": "https://registry.npmjs.org/hoist-non-react-statics/-/hoist-non-react-statics-3.3.0.tgz",
					"integrity": "sha512-0XsbTXxgiaCDYDIWFcwkmerZPSwywfUqYmwT4jzewKTQSWoE6FCMoUVOeBJWK3E/CrWbxRG3m5GzY4lnIwGRBA==",
					"requires": {
						"react-is": "^16.7.0"
					}
				},
				"hyphenate-style-name": {
					"version": "1.0.3",
					"resolved": "https://registry.npmjs.org/hyphenate-style-name/-/hyphenate-style-name-1.0.3.tgz",
					"integrity": "sha512-EcuixamT82oplpoJ2XU4pDtKGWQ7b00CD9f1ug9IaQ3p1bkHMiKCZ9ut9QDI6qsa6cpUuB+A/I+zLtdNK4n2DQ=="
				},
				"is-in-browser": {
					"version": "1.1.3",
					"resolved": "https://registry.npmjs.org/is-in-browser/-/is-in-browser-1.1.3.tgz",
					"integrity": "sha1-Vv9NtoOgeMYILrldrX3GLh0E+DU="
				},
				"is-plain-object": {
					"version": "3.0.0",
					"resolved": "https://registry.npmjs.org/is-plain-object/-/is-plain-object-3.0.0.tgz",
					"integrity": "sha512-tZIpofR+P05k8Aocp7UI/2UTa9lTJSebCXpFFoR9aibpokDj/uXBsJ8luUu0tTVYKkMU6URDUuOfJZ7koewXvg==",
					"requires": {
						"isobject": "^4.0.0"
					}
				},
				"isobject": {
					"version": "4.0.0",
					"resolved": "https://registry.npmjs.org/isobject/-/isobject-4.0.0.tgz",
					"integrity": "sha512-S/2fF5wH8SJA/kmwr6HYhK/RI/OkhD84k8ntalo0iJjZikgq1XFvR5M8NPT1x5F7fBwCG3qHfnzeP/Vh/ZxCUA=="
				},
				"js-tokens": {
					"version": "4.0.0",
					"resolved": "https://registry.npmjs.org/js-tokens/-/js-tokens-4.0.0.tgz",
					"integrity": "sha512-RdJUflcE3cUzKiMqQgsCu06FPu9UdIJO0beYbPhHN4k6apgJtifcoCtT9bcxOpYBtpD2kCM6Sbzg4CausW/PKQ=="
				},
				"jss": {
					"version": "10.0.0-alpha.23",
					"resolved": "https://registry.npmjs.org/jss/-/jss-10.0.0-alpha.23.tgz",
					"integrity": "sha512-r3fg6nrNdqxhaE4s3ZkyEmpVTb2UUmSu0uhKrvfSAy+N45MmlLmhgyFFaUyJOvFJzm69XYXM2Q62VhGccV6qMA==",
					"requires": {
						"@babel/runtime": "^7.3.1",
						"csstype": "^2.6.5",
						"is-in-browser": "^1.1.3",
						"tiny-warning": "^1.0.2"
					}
				},
				"jss-plugin-camel-case": {
					"version": "10.0.0-alpha.23",
					"resolved": "https://registry.npmjs.org/jss-plugin-camel-case/-/jss-plugin-camel-case-10.0.0-alpha.23.tgz",
					"integrity": "sha512-QaXi/t4Efx0BhwbVf6GCcpn/IDAP9cK/GJoWBoAIVM9BAj7RXBU0UifFojRbeDGDtpf5djDWCOMviydYiWYYWg==",
					"requires": {
						"@babel/runtime": "^7.3.1",
						"hyphenate-style-name": "^1.0.3",
						"jss": "10.0.0-alpha.23"
					}
				},
				"jss-plugin-default-unit": {
					"version": "10.0.0-alpha.23",
					"resolved": "https://registry.npmjs.org/jss-plugin-default-unit/-/jss-plugin-default-unit-10.0.0-alpha.23.tgz",
					"integrity": "sha512-XE4CcrQMF2rI6TL+/bJUDVlmgIqOax8uCPLZxZnqUFTbH0cM9f66OhRIe51yECfAb1nAiHalZtkUv2kfycLVjQ==",
					"requires": {
						"@babel/runtime": "^7.3.1",
						"jss": "10.0.0-alpha.23"
					}
				},
				"jss-plugin-global": {
					"version": "10.0.0-alpha.23",
					"resolved": "https://registry.npmjs.org/jss-plugin-global/-/jss-plugin-global-10.0.0-alpha.23.tgz",
					"integrity": "sha512-uaoO4yp24dtvKiMd8fLzy2Of3rDSzA9e1y8mHw4vNDTPDSF39pYfpAxxnGnvRadsAVlZGgj4Ro+LveLz8ZUHgw==",
					"requires": {
						"@babel/runtime": "^7.3.1",
						"jss": "10.0.0-alpha.23"
					}
				},
				"jss-plugin-nested": {
					"version": "10.0.0-alpha.23",
					"resolved": "https://registry.npmjs.org/jss-plugin-nested/-/jss-plugin-nested-10.0.0-alpha.23.tgz",
					"integrity": "sha512-xHoBBUz9U8INvizthl0k9u79z+ObzY0HvzPy7+BKxySQzHSTLG40iRYizJo7Antq7uH8i8uI/5RgS/7dy+YVSQ==",
					"requires": {
						"@babel/runtime": "^7.3.1",
						"jss": "10.0.0-alpha.23",
						"tiny-warning": "^1.0.2"
					}
				},
				"jss-plugin-props-sort": {
					"version": "10.0.0-alpha.23",
					"resolved": "https://registry.npmjs.org/jss-plugin-props-sort/-/jss-plugin-props-sort-10.0.0-alpha.23.tgz",
					"integrity": "sha512-/h6epoQ/ta61e6rG3/Pq47qPlg9YX5t2rSKJBLzaASEe/KfxjVvnbJKC8tE27lG6TjwbeWpKONuJfZxjWKLnDg==",
					"requires": {
						"@babel/runtime": "^7.3.1",
						"jss": "10.0.0-alpha.23"
					}
				},
				"jss-plugin-rule-value-function": {
					"version": "10.0.0-alpha.23",
					"resolved": "https://registry.npmjs.org/jss-plugin-rule-value-function/-/jss-plugin-rule-value-function-10.0.0-alpha.23.tgz",
					"integrity": "sha512-N0g7x6RzeEj+GI5303JOUTyo5x7/F+0SRJv3R0lAUSS782mZipcvpFzHlEz3q5g+0t/bhbOLT6i0RYAhN3IW7g==",
					"requires": {
						"@babel/runtime": "^7.3.1",
						"jss": "10.0.0-alpha.23"
					}
				},
				"jss-plugin-vendor-prefixer": {
					"version": "10.0.0-alpha.23",
					"resolved": "https://registry.npmjs.org/jss-plugin-vendor-prefixer/-/jss-plugin-vendor-prefixer-10.0.0-alpha.23.tgz",
					"integrity": "sha512-WtTXR+H1tGGhmEP3kqDawxnV1tbXboxtJ93A1O9p+7OLseafIaQoPkMPKEh5a+P4jzETIqmQoJJoG5KmT/Tgsg==",
					"requires": {
						"@babel/runtime": "^7.3.1",
						"css-vendor": "^2.0.5",
						"jss": "10.0.0-alpha.23"
					}
				},
				"loose-envify": {
					"version": "1.4.0",
					"resolved": "https://registry.npmjs.org/loose-envify/-/loose-envify-1.4.0.tgz",
					"integrity": "sha512-lyuxPGr/Wfhrlem2CL/UcnUc1zcqKAImBDzukY7Y5F/yQiNdko6+fRLevlw1HgMySw7f611UIY408EtxRSoK3Q==",
					"requires": {
						"js-tokens": "^3.0.0 || ^4.0.0"
					}
				},
				"normalize-scroll-left": {
					"version": "0.2.0",
					"resolved": "https://registry.npmjs.org/normalize-scroll-left/-/normalize-scroll-left-0.2.0.tgz",
					"integrity": "sha512-t5oCENZJl8TGusJKoCJm7+asaSsPuNmK6+iEjrZ5TyBj2f02brCRsd4c83hwtu+e5d4LCSBZ0uoDlMjBo+A8yA=="
				},
				"object-assign": {
					"version": "4.1.1",
					"resolved": "https://registry.npmjs.org/object-assign/-/object-assign-4.1.1.tgz",
					"integrity": "sha1-IQmtx5ZYh8/AXLvUQsrIv7s2CGM="
				},
				"popper.js": {
					"version": "1.15.0",
					"resolved": "https://registry.npmjs.org/popper.js/-/popper.js-1.15.0.tgz",
					"integrity": "sha512-w010cY1oCUmI+9KwwlWki+r5jxKfTFDVoadl7MSrIujHU5MJ5OR6HTDj6Xo8aoR/QsA56x8jKjA59qGH4ELtrA=="
				},
				"prop-types": {
					"version": "15.7.2",
					"resolved": "https://registry.npmjs.org/prop-types/-/prop-types-15.7.2.tgz",
					"integrity": "sha512-8QQikdH7//R2vurIJSutZ1smHYTcLpRWEOlHnzcWHmBYrOGUysKwSsrC89BCiFj3CbrfJ/nXFdJepOVrY1GCHQ==",
					"requires": {
						"loose-envify": "^1.4.0",
						"object-assign": "^4.1.1",
						"react-is": "^16.8.1"
					}
				},
				"react-is": {
					"version": "16.9.0",
					"resolved": "https://registry.npmjs.org/react-is/-/react-is-16.9.0.tgz",
					"integrity": "sha512-tJBzzzIgnnRfEm046qRcURvwQnZVXmuCbscxUO5RWrGTXpon2d4c8mI0D8WE6ydVIm29JiLB6+RslkIvym9Rjw=="
				},
				"react-transition-group": {
					"version": "4.2.2",
					"resolved": "https://registry.npmjs.org/react-transition-group/-/react-transition-group-4.2.2.tgz",
					"integrity": "sha512-uP0tjqewtvjb7kGZFpZYPoD/NlVZmIgts9eTt1w35pAaEApPxQGv94lD3VkqyXf2aMqrSGwhs6EV/DLaoKbLSw==",
					"requires": {
						"@babel/runtime": "^7.4.5",
						"dom-helpers": "^3.4.0",
						"loose-envify": "^1.4.0",
						"prop-types": "^15.6.2"
					}
				},
				"regenerator-runtime": {
					"version": "0.13.3",
					"resolved": "https://registry.npmjs.org/regenerator-runtime/-/regenerator-runtime-0.13.3.tgz",
					"integrity": "sha512-naKIZz2GQ8JWh///G7L3X6LaQUAMp2lvb1rvwwsURe/VXwD6VMfr+/1NuNw3ag8v2kY1aQ/go5SNn79O9JU7yw=="
				},
				"tiny-warning": {
					"version": "1.0.3",
					"resolved": "https://registry.npmjs.org/tiny-warning/-/tiny-warning-1.0.3.tgz",
					"integrity": "sha512-lBN9zLN/oAf68o3zNXYrdCt1kP8WsiGW8Oo2ka41b2IM5JL/S1CTyX1rW0mb/zSuJun0ZUrDxx4sqvYS2FWzPA=="
				},
				"warning": {
					"version": "4.0.3",
					"resolved": "https://registry.npmjs.org/warning/-/warning-4.0.3.tgz",
					"integrity": "sha512-rpJyN222KWIvHJ/F53XSZv0Zl/accqHR8et1kpaMTD/fLCRxtV8iX8czMzY7sVZupTI3zcUTg8eycS2kNF9l6w==",
					"requires": {
						"loose-envify": "^1.0.0"
					}
				}
			}
		}
	}
}
