{
  "name": "test",
  "version": "1.0.0",
  "lockfileVersion": 3,
  "requires": true,
  "packages": {
    "": {
      "name": "test",
      "version": "1.0.0",
      "license": "ISC",
      "devDependencies": {
        "@types/k6": "^0.50.1"
      }
    },
    "node_modules/@types/k6": {
      "version": "0.50.1",
      "resolved": "https://registry.npmjs.org/@types/k6/-/k6-0.50.1.tgz",
      "integrity": "sha512-szGVf09jYCvZoaYZcNa8YaGwJFHOVlYUdLfEVXQLLG6RC/XtBqITDlDGbM8YOsnE5Sb6GlQzJGzSLR8eojhnEA==",
      "dev": true
    }
  }
}
