# This file is generated by running "yarn install" inside your project.
# Manual changes might be lost - proceed with caution!

__metadata:
  version: 6
  cacheKey: 8

"@eslint-community/eslint-utils@npm:^4.8.0":
  version: 4.9.1
  resolution: "@eslint-community/eslint-utils@npm:4.9.1"
  dependencies:
    eslint-visitor-keys: "npm:^3.4.3"
  peerDependencies:
    eslint: ^6.0.0 || ^7.0.0 || >=8.0.0
  checksum: 0a27c2d676c4be6b329ebb5dd8f6c5ef5fae9a019ff575655306d72874bb26f3ab20e0b241a5f086464bb1f2511ca26a29ff6f80c1e2b0b02eca4686b4dfe1b5
  languageName: node
  linkType: hard

"@eslint-community/regexpp@npm:^4.12.2":
  version: 4.12.2
  resolution: "@eslint-community/regexpp@npm:4.12.2"
  checksum: 1770bc81f676a72f65c7200b5675ff7a349786521f30e66125faaf767fde1ba1c19c3790e16ba8508a62a3933afcfc806a893858b3b5906faf693d862b9e4120
  languageName: node
  linkType: hard

"@eslint/config-array@npm:^0.23.5":
  version: 0.23.5
  resolution: "@eslint/config-array@npm:0.23.5"
  dependencies:
    "@eslint/object-schema": "npm:^3.0.5"
    debug: "npm:^4.3.1"
    minimatch: "npm:^10.2.4"
  checksum: 2cb8c3d3450f2b1c91dcc21109bfee58356915cbfa1429b9e82efc04c2acf7ccdf12ef20734989afdb1e676b8bf5f2e10548405efc6b8b2c89bbd9e89e5a8e49
  languageName: node
  linkType: hard

"@eslint/config-helpers@npm:^0.6.0":
  version: 0.6.0
  resolution: "@eslint/config-helpers@npm:0.6.0"
  dependencies:
    "@eslint/core": "npm:^1.2.1"
  checksum: 5ef7834c45975c7236d2c8fd7f2f9f02c05699df19930397c9dc42ef0005e8fefe0e6e8d88ecd808ddeb74d9fdefcf0473b196ad918627dd3963358597c4a9e7
  languageName: node
  linkType: hard

"@eslint/core@npm:^1.2.1":
  version: 1.2.1
  resolution: "@eslint/core@npm:1.2.1"
  dependencies:
    "@types/json-schema": "npm:^7.0.15"
  checksum: 430f53c5c6bcfabe54d7232d6b74bf9f6f62b0337f73ca0db70a0a0dbe4843243ce24577df61619fcbc0ef45cc6e2872074bed3295538acd72361b69f3b5eb47
  languageName: node
  linkType: hard

"@eslint/object-schema@npm:^3.0.5":
  version: 3.0.5
  resolution: "@eslint/object-schema@npm:3.0.5"
  checksum: 4e9aee969d73a5c12c06dcf9e3a7903d441cdc946b3768099dba1937f2af58bd8ed4b1bcf34bbc54432440cdd00dfab970edd5ce2b4fb1afd2d0e6018c87aa0b
  languageName: node
  linkType: hard

"@eslint/plugin-kit@npm:^0.7.2":
  version: 0.7.2
  resolution: "@eslint/plugin-kit@npm:0.7.2"
  dependencies:
    "@eslint/core": "npm:^1.2.1"
    levn: "npm:^0.4.1"
  checksum: 16fa97792c3f8e9723f5068abf854557cfa4da7c0b2eee691bff092fbb507d1dd2e1e86c027522c9165616954f4c1ae8d75911058813fb07c0b9ebda2cbfbae1
  languageName: node
  linkType: hard

"@humanfs/core@npm:^0.19.2":
  version: 0.19.2
  resolution: "@humanfs/core@npm:0.19.2"
  dependencies:
    "@humanfs/types": "npm:^0.15.0"
  checksum: cfcf57302dafe41eadd900b30da5e10f8b4e51fac635c834c03ae11933d1911c131ef3cfa3ff14c47b17dd23524180c69f50cfe0b68c152034c2f6ba0ec2ccae
  languageName: node
  linkType: hard

"@humanfs/node@npm:^0.16.6":
  version: 0.16.8
  resolution: "@humanfs/node@npm:0.16.8"
  dependencies:
    "@humanfs/core": "npm:^0.19.2"
    "@humanfs/types": "npm:^0.15.0"
    "@humanwhocodes/retry": "npm:^0.4.0"
  checksum: 179d1dae12c5d1330c262b79b037e4db3e98d870f4827a56c1eb8a6bc32a6d2b4c32603a5b13c4f2e11882239276ed2a559cf465dfba33a3ac37bc7d9f5c1e9b
  languageName: node
  linkType: hard

"@humanfs/types@npm:^0.15.0":
  version: 0.15.0
  resolution: "@humanfs/types@npm:0.15.0"
  checksum: fe8abe73e36ded7bf854addd48a5a7defe3aa77af9e92a95195bc6abd7d2a22c193bbac38d47982c198e2683e5108acba691cd859c4e1104b94d76651139e2da
  languageName: node
  linkType: hard

"@humanwhocodes/module-importer@npm:^1.0.1":
  version: 1.0.1
  resolution: "@humanwhocodes/module-importer@npm:1.0.1"
  checksum: 0fd22007db8034a2cdf2c764b140d37d9020bbfce8a49d3ec5c05290e77d4b0263b1b972b752df8c89e5eaa94073408f2b7d977aed131faf6cf396ebb5d7fb61
  languageName: node
  linkType: hard

"@humanwhocodes/retry@npm:^0.4.0, @humanwhocodes/retry@npm:^0.4.2":
  version: 0.4.3
  resolution: "@humanwhocodes/retry@npm:0.4.3"
  checksum: d423455b9d53cf01f778603404512a4246fb19b83e74fe3e28c70d9a80e9d4ae147d2411628907ca983e91a855a52535859a8bb218050bc3f6dbd7a553b7b442
  languageName: node
  linkType: hard

"@types/esrecurse@npm:^4.3.1":
  version: 4.3.1
  resolution: "@types/esrecurse@npm:4.3.1"
  checksum: ada5798554b76ac466e90fff26a769b65f905666f32988dcd1b6cf8288896e0fb53080843fd644bf731d16719a6e09b155d623ce36545b75abdd99bb6dcec114
  languageName: node
  linkType: hard

"@types/estree@npm:^1.0.6, @types/estree@npm:^1.0.8":
  version: 1.0.9
  resolution: "@types/estree@npm:1.0.9"
  checksum: 752c0afee3ec82b8e24484bf6a27dfa093bbf3de4ef1c20ed0364fb6ad2c0c7971e7504ed9a7aaff103a47e2d945ce7a17f74951743dd944782a0735f53170de
  languageName: node
  linkType: hard

"@types/json-schema@npm:^7.0.15":
  version: 7.0.15
  resolution: "@types/json-schema@npm:7.0.15"
  checksum: 97ed0cb44d4070aecea772b7b2e2ed971e10c81ec87dd4ecc160322ffa55ff330dace1793489540e3e318d90942064bb697cc0f8989391797792d919737b3b98
  languageName: node
  linkType: hard

"acorn-jsx@npm:^5.3.2":
  version: 5.3.2
  resolution: "acorn-jsx@npm:5.3.2"
  peerDependencies:
    acorn: ^6.0.0 || ^7.0.0 || ^8.0.0
  checksum: c3d3b2a89c9a056b205b69530a37b972b404ee46ec8e5b341666f9513d3163e2a4f214a71f4dfc7370f5a9c07472d2fd1c11c91c3f03d093e37637d95da98950
  languageName: node
  linkType: hard

"acorn@npm:^8.16.0":
  version: 8.17.0
  resolution: "acorn@npm:8.17.0"
  bin:
    acorn: bin/acorn
  checksum: 98f0800a48a06e3427cf77a10a0ef7b86366d4ba2fdcde7f72e30430d75e3179d3cbcb253bec263f002e2ea537cbb017c007689370deb4c4ffee74b388d66612
  languageName: node
  linkType: hard

"ajv@npm:^6.14.0":
  version: 6.15.0
  resolution: "ajv@npm:6.15.0"
  dependencies:
    fast-deep-equal: "npm:^3.1.1"
    fast-json-stable-stringify: "npm:^2.0.0"
    json-schema-traverse: "npm:^0.4.1"
    uri-js: "npm:^4.2.2"
  checksum: a8e0308f1b44c3dfd1143911353be51bf8aedc2f2bcd595061755ad241c8450a10e4b657af8ba764c5ec9ae2162010f21d5e0d43763e20d782a8171da99b967a
  languageName: node
  linkType: hard

"balanced-match@npm:^4.0.2":
  version: 4.0.4
  resolution: "balanced-match@npm:4.0.4"
  checksum: fb07bb66a0959c2843fc055838047e2a95ccebb837c519614afb067ebfdf2fa967ca8d712c35ced07f2cd26fc6f07964230b094891315ad74f11eba3d53178a0
  languageName: node
  linkType: hard

"brace-expansion@npm:^5.0.5":
  version: 5.0.6
  resolution: "brace-expansion@npm:5.0.6"
  dependencies:
    balanced-match: "npm:^4.0.2"
  checksum: b5a0e54a5d5f66d0acb88f297e1f3e74732f9c8a35ab6c87b96bd60f6e390697f099b747dd053b9017bd1a38225ff3f60632de09a723a99f2144740b7fbda66b
  languageName: node
  linkType: hard

"cross-spawn@npm:^7.0.6":
  version: 7.0.6
  resolution: "cross-spawn@npm:7.0.6"
  dependencies:
    path-key: "npm:^3.1.0"
    shebang-command: "npm:^2.0.0"
    which: "npm:^2.0.1"
  checksum: 8d306efacaf6f3f60e0224c287664093fa9185680b2d195852ba9a863f85d02dcc737094c6e512175f8ee0161f9b87c73c6826034c2422e39de7d6569cf4503b
  languageName: node
  linkType: hard

"debug@npm:^4.3.1":
  version: 4.3.5
  resolution: "debug@npm:4.3.5"
  dependencies:
    ms: "npm:2.1.2"
  peerDependenciesMeta:
    supports-color:
      optional: true
  checksum: 7c002b51e256257f936dda09eb37167df952758c57badf6bf44bdc40b89a4bcb8e5a0a2e4c7b53f97c69e2970dd5272d33a757378a12c8f8e64ea7bf99e8e86e
  languageName: node
  linkType: hard

"debug@npm:^4.3.2":
  version: 4.3.2
  resolution: "debug@npm:4.3.2"
  dependencies:
    ms: "npm:2.1.2"
  peerDependenciesMeta:
    supports-color:
      optional: true
  checksum: 820ea160e267e23c953c9ed87e7ad93494d8cda2f7349af5e7e3bb236d23707ee3022f477d5a7d2ee86ef2bf7d60aa9ab22d1f58080d7deb9dccd073585e1e43
  languageName: node
  linkType: hard

"deep-is@npm:^0.1.3":
  version: 0.1.4
  resolution: "deep-is@npm:0.1.4"
  checksum: edb65dd0d7d1b9c40b2f50219aef30e116cedd6fc79290e740972c132c09106d2e80aa0bc8826673dd5a00222d4179c84b36a790eef63a4c4bca75a37ef90804
  languageName: node
  linkType: hard

"escape-string-regexp@npm:^4.0.0":
  version: 4.0.0
  resolution: "escape-string-regexp@npm:4.0.0"
  checksum: 98b48897d93060f2322108bf29db0feba7dd774be96cd069458d1453347b25ce8682ecc39859d4bca2203cc0ab19c237bcc71755eff49a0f8d90beadeeba5cc5
  languageName: node
  linkType: hard

"eslint-scope@npm:^9.1.2":
  version: 9.1.2
  resolution: "eslint-scope@npm:9.1.2"
  dependencies:
    "@types/esrecurse": "npm:^4.3.1"
    "@types/estree": "npm:^1.0.8"
    esrecurse: "npm:^4.3.0"
    estraverse: "npm:^5.2.0"
  checksum: ea1a4333f5912e1ec83328ecf8103b0bb9628beca10d5efc17ce63a825ed3ab0b68c036c2dbd3127cf71f51cc04fb4685a27aac082d55c2faf134391d06443af
  languageName: node
  linkType: hard

"eslint-visitor-keys@npm:^3.4.3":
  version: 3.4.3
  resolution: "eslint-visitor-keys@npm:3.4.3"
  checksum: 36e9ef87fca698b6fd7ca5ca35d7b2b6eeaaf106572e2f7fd31c12d3bfdaccdb587bba6d3621067e5aece31c8c3a348b93922ab8f7b2cbc6aaab5e1d89040c60
  languageName: node
  linkType: hard

"eslint-visitor-keys@npm:^5.0.1":
  version: 5.0.1
  resolution: "eslint-visitor-keys@npm:5.0.1"
  checksum: d6cc6830536ab4a808f25325686c2c27862f27aab0c1ffed39627293b06cee05d95187da113cafd366314ea5be803b456115de71ad625e365020f20e2a6af89b
  languageName: node
  linkType: hard

"eslint@npm:10.5.0":
  version: 10.5.0
  resolution: "eslint@npm:10.5.0"
  dependencies:
    "@eslint-community/eslint-utils": "npm:^4.8.0"
    "@eslint-community/regexpp": "npm:^4.12.2"
    "@eslint/config-array": "npm:^0.23.5"
    "@eslint/config-helpers": "npm:^0.6.0"
    "@eslint/core": "npm:^1.2.1"
    "@eslint/plugin-kit": "npm:^0.7.2"
    "@humanfs/node": "npm:^0.16.6"
    "@humanwhocodes/module-importer": "npm:^1.0.1"
    "@humanwhocodes/retry": "npm:^0.4.2"
    "@types/estree": "npm:^1.0.6"
    ajv: "npm:^6.14.0"
    cross-spawn: "npm:^7.0.6"
    debug: "npm:^4.3.2"
    escape-string-regexp: "npm:^4.0.0"
    eslint-scope: "npm:^9.1.2"
    eslint-visitor-keys: "npm:^5.0.1"
    espree: "npm:^11.2.0"
    esquery: "npm:^1.7.0"
    esutils: "npm:^2.0.2"
    fast-deep-equal: "npm:^3.1.3"
    file-entry-cache: "npm:^8.0.0"
    find-up: "npm:^5.0.0"
    glob-parent: "npm:^6.0.2"
    ignore: "npm:^5.2.0"
    imurmurhash: "npm:^0.1.4"
    is-glob: "npm:^4.0.0"
    json-stable-stringify-without-jsonify: "npm:^1.0.1"
    minimatch: "npm:^10.2.4"
    natural-compare: "npm:^1.4.0"
    optionator: "npm:^0.9.3"
  peerDependencies:
    jiti: "*"
  peerDependenciesMeta:
    jiti:
      optional: true
  bin:
    eslint: bin/eslint.js
  checksum: ba4154355defd36a38b3200c53a0190c50165d9d09821f99f88707a959ff913693dabd15e4cf4df2d63c24596cc6dd5f02635ca03b78d2cb618d9071d246bbf1
  languageName: node
  linkType: hard

"espree@npm:^11.2.0":
  version: 11.2.0
  resolution: "espree@npm:11.2.0"
  dependencies:
    acorn: "npm:^8.16.0"
    acorn-jsx: "npm:^5.3.2"
    eslint-visitor-keys: "npm:^5.0.1"
  checksum: 7545dc501ab5cff558af1aa290c7e586d7d2a83c9ecdcb5f2c8ba7ee6634b70f4083d1bed198ec17ddf11d3265751aa78e315b4d4c7506711066a4ef38c1084a
  languageName: node
  linkType: hard

"esquery@npm:^1.7.0":
  version: 1.7.0
  resolution: "esquery@npm:1.7.0"
  dependencies:
    estraverse: "npm:^5.1.0"
  checksum: 3239792b68cf39fe18966d0ca01549bb15556734f0144308fd213739b0f153671ae916013fce0bca032044a4dbcda98b43c1c667f20c20a54dec3597ac0d7c27
  languageName: node
  linkType: hard

"esrecurse@npm:^4.3.0":
  version: 4.3.0
  resolution: "esrecurse@npm:4.3.0"
  dependencies:
    estraverse: "npm:^5.2.0"
  checksum: ebc17b1a33c51cef46fdc28b958994b1dc43cd2e86237515cbc3b4e5d2be6a811b2315d0a1a4d9d340b6d2308b15322f5c8291059521cc5f4802f65e7ec32837
  languageName: node
  linkType: hard

"estraverse@npm:^5.1.0, estraverse@npm:^5.2.0":
  version: 5.3.0
  resolution: "estraverse@npm:5.3.0"
  checksum: 072780882dc8416ad144f8fe199628d2b3e7bbc9989d9ed43795d2c90309a2047e6bc5979d7e2322a341163d22cfad9e21f4110597fe487519697389497e4e2b
  languageName: node
  linkType: hard

"esutils@npm:^2.0.2":
  version: 2.0.3
  resolution: "esutils@npm:2.0.3"
  checksum: 22b5b08f74737379a840b8ed2036a5fb35826c709ab000683b092d9054e5c2a82c27818f12604bfc2a9a76b90b6834ef081edbc1c7ae30d1627012e067c6ec87
  languageName: node
  linkType: hard

"fast-deep-equal@npm:^3.1.1, fast-deep-equal@npm:^3.1.3":
  version: 3.1.3
  resolution: "fast-deep-equal@npm:3.1.3"
  checksum: e21a9d8d84f53493b6aa15efc9cfd53dd5b714a1f23f67fb5dc8f574af80df889b3bce25dc081887c6d25457cce704e636395333abad896ccdec03abaf1f3f9d
  languageName: node
  linkType: hard

"fast-json-stable-stringify@npm:^2.0.0":
  version: 2.1.0
  resolution: "fast-json-stable-stringify@npm:2.1.0"
  checksum: b191531e36c607977e5b1c47811158733c34ccb3bfde92c44798929e9b4154884378536d26ad90dfecd32e1ffc09c545d23535ad91b3161a27ddbb8ebe0cbecb
  languageName: node
  linkType: hard

"fast-levenshtein@npm:^2.0.6":
  version: 2.0.6
  resolution: "fast-levenshtein@npm:2.0.6"
  checksum: 92cfec0a8dfafd9c7a15fba8f2cc29cd0b62b85f056d99ce448bbcd9f708e18ab2764bda4dd5158364f4145a7c72788538994f0d1787b956ef0d1062b0f7c24c
  languageName: node
  linkType: hard

"file-entry-cache@npm:^8.0.0":
  version: 8.0.0
  resolution: "file-entry-cache@npm:8.0.0"
  dependencies:
    flat-cache: "npm:^4.0.0"
  checksum: f67802d3334809048c69b3d458f672e1b6d26daefda701761c81f203b80149c35dea04d78ea4238969dd617678e530876722a0634c43031a0957f10cc3ed190f
  languageName: node
  linkType: hard

"find-up@npm:^5.0.0":
  version: 5.0.0
  resolution: "find-up@npm:5.0.0"
  dependencies:
    locate-path: "npm:^6.0.0"
    path-exists: "npm:^4.0.0"
  checksum: 07955e357348f34660bde7920783204ff5a26ac2cafcaa28bace494027158a97b9f56faaf2d89a6106211a8174db650dd9f503f9c0d526b1202d5554a00b9095
  languageName: node
  linkType: hard

"flat-cache@npm:^4.0.0":
  version: 4.0.1
  resolution: "flat-cache@npm:4.0.1"
  dependencies:
    flatted: "npm:^3.2.9"
    keyv: "npm:^4.5.4"
  checksum: 899fc86bf6df093547d76e7bfaeb900824b869d7d457d02e9b8aae24836f0a99fbad79328cfd6415ee8908f180699bf259dc7614f793447cb14f707caf5996f6
  languageName: node
  linkType: hard

"flatted@npm:^3.2.9":
  version: 3.4.2
  resolution: "flatted@npm:3.4.2"
  checksum: 1b2536fccbbf75d67a823dea67819f764c19266ad5e4aca6b47f6bf84d3b5e1c15eb5862f7dec1fb87129b60741524933192051286de52baddbc97129896380d
  languageName: node
  linkType: hard

"glob-parent@npm:^6.0.2":
  version: 6.0.2
  resolution: "glob-parent@npm:6.0.2"
  dependencies:
    is-glob: "npm:^4.0.3"
  checksum: c13ee97978bef4f55106b71e66428eb1512e71a7466ba49025fc2aec59a5bfb0954d5abd58fc5ee6c9b076eef4e1f6d3375c2e964b88466ca390da4419a786a8
  languageName: node
  linkType: hard

"ignore@npm:^5.2.0":
  version: 5.2.0
  resolution: "ignore@npm:5.2.0"
  checksum: 6b1f926792d614f64c6c83da3a1f9c83f6196c2839aa41e1e32dd7b8d174cef2e329d75caabb62cb61ce9dc432f75e67d07d122a037312db7caa73166a1bdb77
  languageName: node
  linkType: hard

"imurmurhash@npm:^0.1.4":
  version: 0.1.4
  resolution: "imurmurhash@npm:0.1.4"
  checksum: 7cae75c8cd9a50f57dadd77482359f659eaebac0319dd9368bcd1714f55e65badd6929ca58569da2b6494ef13fdd5598cd700b1eba23f8b79c5f19d195a3ecf7
  languageName: node
  linkType: hard

"is-extglob@npm:^2.1.1":
  version: 2.1.1
  resolution: "is-extglob@npm:2.1.1"
  checksum: df033653d06d0eb567461e58a7a8c9f940bd8c22274b94bf7671ab36df5719791aae15eef6d83bbb5e23283967f2f984b8914559d4449efda578c775c4be6f85
  languageName: node
  linkType: hard

"is-glob@npm:^4.0.0, is-glob@npm:^4.0.3":
  version: 4.0.3
  resolution: "is-glob@npm:4.0.3"
  dependencies:
    is-extglob: "npm:^2.1.1"
  checksum: d381c1319fcb69d341cc6e6c7cd588e17cd94722d9a32dbd60660b993c4fb7d0f19438674e68dfec686d09b7c73139c9166b47597f846af387450224a8101ab4
  languageName: node
  linkType: hard

"isexe@npm:^2.0.0":
  version: 2.0.0
  resolution: "isexe@npm:2.0.0"
  checksum: 26bf6c5480dda5161c820c5b5c751ae1e766c587b1f951ea3fcfc973bafb7831ae5b54a31a69bd670220e42e99ec154475025a468eae58ea262f813fdc8d1c62
  languageName: node
  linkType: hard

"json-buffer@npm:3.0.1":
  version: 3.0.1
  resolution: "json-buffer@npm:3.0.1"
  checksum: 9026b03edc2847eefa2e37646c579300a1f3a4586cfb62bf857832b60c852042d0d6ae55d1afb8926163fa54c2b01d83ae24705f34990348bdac6273a29d4581
  languageName: node
  linkType: hard

"json-schema-traverse@npm:^0.4.1":
  version: 0.4.1
  resolution: "json-schema-traverse@npm:0.4.1"
  checksum: 7486074d3ba247769fda17d5181b345c9fb7d12e0da98b22d1d71a5db9698d8b4bd900a3ec1a4ffdd60846fc2556274a5c894d0c48795f14cb03aeae7b55260b
  languageName: node
  linkType: hard

"json-stable-stringify-without-jsonify@npm:^1.0.1":
  version: 1.0.1
  resolution: "json-stable-stringify-without-jsonify@npm:1.0.1"
  checksum: cff44156ddce9c67c44386ad5cddf91925fe06b1d217f2da9c4910d01f358c6e3989c4d5a02683c7a5667f9727ff05831f7aa8ae66c8ff691c556f0884d49215
  languageName: node
  linkType: hard

"k6-api-tests@workspace:.":
  version: 0.0.0-use.local
  resolution: "k6-api-tests@workspace:."
  dependencies:
    eslint: 10.5.0
    prettier: 3.3.2
  languageName: unknown
  linkType: soft

"keyv@npm:^4.5.4":
  version: 4.5.4
  resolution: "keyv@npm:4.5.4"
  dependencies:
    json-buffer: "npm:3.0.1"
  checksum: 74a24395b1c34bd44ad5cb2b49140d087553e170625240b86755a6604cd65aa16efdbdeae5cdb17ba1284a0fbb25ad06263755dbc71b8d8b06f74232ce3cdd72
  languageName: node
  linkType: hard

"levn@npm:^0.4.1":
  version: 0.4.1
  resolution: "levn@npm:0.4.1"
  dependencies:
    prelude-ls: "npm:^1.2.1"
    type-check: "npm:~0.4.0"
  checksum: 12c5021c859bd0f5248561bf139121f0358285ec545ebf48bb3d346820d5c61a4309535c7f387ed7d84361cf821e124ce346c6b7cef8ee09a67c1473b46d0fc4
  languageName: node
  linkType: hard

"locate-path@npm:^6.0.0":
  version: 6.0.0
  resolution: "locate-path@npm:6.0.0"
  dependencies:
    p-locate: "npm:^5.0.0"
  checksum: 72eb661788a0368c099a184c59d2fee760b3831c9c1c33955e8a19ae4a21b4116e53fa736dc086cdeb9fce9f7cc508f2f92d2d3aae516f133e16a2bb59a39f5a
  languageName: node
  linkType: hard

"minimatch@npm:^10.2.4":
  version: 10.2.5
  resolution: "minimatch@npm:10.2.5"
  dependencies:
    brace-expansion: "npm:^5.0.5"
  checksum: 000423875fecbc7da1d74bf63c9081363a71291ef2588c376c45647ac004582cb5bc8cc09ef84420b26bfb490f4d0818d328e78569c6228e20d90271283f73ba
  languageName: node
  linkType: hard

"ms@npm:2.1.2":
  version: 2.1.2
  resolution: "ms@npm:2.1.2"
  checksum: 673cdb2c3133eb050c745908d8ce632ed2c02d85640e2edb3ace856a2266a813b30c613569bf3354fdf4ea7d1a1494add3bfa95e2713baa27d0c2c71fc44f58f
  languageName: node
  linkType: hard

"natural-compare@npm:^1.4.0":
  version: 1.4.0
  resolution: "natural-compare@npm:1.4.0"
  checksum: 23ad088b08f898fc9b53011d7bb78ec48e79de7627e01ab5518e806033861bef68d5b0cd0e2205c2f36690ac9571ff6bcb05eb777ced2eeda8d4ac5b44592c3d
  languageName: node
  linkType: hard

"optionator@npm:^0.9.3":
  version: 0.9.4
  resolution: "optionator@npm:0.9.4"
  dependencies:
    deep-is: "npm:^0.1.3"
    fast-levenshtein: "npm:^2.0.6"
    levn: "npm:^0.4.1"
    prelude-ls: "npm:^1.2.1"
    type-check: "npm:^0.4.0"
    word-wrap: "npm:^1.2.5"
  checksum: ecbd010e3dc73e05d239976422d9ef54a82a13f37c11ca5911dff41c98a6c7f0f163b27f922c37e7f8340af9d36febd3b6e9cef508f3339d4c393d7276d716bb
  languageName: node
  linkType: hard

"p-limit@npm:^3.0.2":
  version: 3.1.0
  resolution: "p-limit@npm:3.1.0"
  dependencies:
    yocto-queue: "npm:^0.1.0"
  checksum: 7c3690c4dbf62ef625671e20b7bdf1cbc9534e83352a2780f165b0d3ceba21907e77ad63401708145ca4e25bfc51636588d89a8c0aeb715e6c37d1c066430360
  languageName: node
  linkType: hard

"p-locate@npm:^5.0.0":
  version: 5.0.0
  resolution: "p-locate@npm:5.0.0"
  dependencies:
    p-limit: "npm:^3.0.2"
  checksum: 1623088f36cf1cbca58e9b61c4e62bf0c60a07af5ae1ca99a720837356b5b6c5ba3eb1b2127e47a06865fee59dd0453cad7cc844cda9d5a62ac1a5a51b7c86d3
  languageName: node
  linkType: hard

"path-exists@npm:^4.0.0":
  version: 4.0.0
  resolution: "path-exists@npm:4.0.0"
  checksum: 505807199dfb7c50737b057dd8d351b82c033029ab94cb10a657609e00c1bc53b951cfdbccab8de04c5584d5eff31128ce6afd3db79281874a5ef2adbba55ed1
  languageName: node
  linkType: hard

"path-key@npm:^3.1.0":
  version: 3.1.1
  resolution: "path-key@npm:3.1.1"
  checksum: 55cd7a9dd4b343412a8386a743f9c746ef196e57c823d90ca3ab917f90ab9f13dd0ded27252ba49dbdfcab2b091d998bc446f6220cd3cea65db407502a740020
  languageName: node
  linkType: hard

"prelude-ls@npm:^1.2.1":
  version: 1.2.1
  resolution: "prelude-ls@npm:1.2.1"
  checksum: cd192ec0d0a8e4c6da3bb80e4f62afe336df3f76271ac6deb0e6a36187133b6073a19e9727a1ff108cd8b9982e4768850d413baa71214dd80c7979617dca827a
  languageName: node
  linkType: hard

"prettier@npm:3.3.2":
  version: 3.3.2
  resolution: "prettier@npm:3.3.2"
  bin:
    prettier: bin/prettier.cjs
  checksum: 5557d8caed0b182f68123c2e1e370ef105251d1dd75800fadaece3d061daf96b1389141634febf776050f9d732c7ae8fd444ff0b4a61b20535e7610552f32c69
  languageName: node
  linkType: hard

"punycode@npm:^2.1.0":
  version: 2.1.1
  resolution: "punycode@npm:2.1.1"
  checksum: 823bf443c6dd14f669984dea25757b37993f67e8d94698996064035edd43bed8a5a17a9f12e439c2b35df1078c6bec05a6c86e336209eb1061e8025c481168e8
  languageName: node
  linkType: hard

"shebang-command@npm:^2.0.0":
  version: 2.0.0
  resolution: "shebang-command@npm:2.0.0"
  dependencies:
    shebang-regex: "npm:^3.0.0"
  checksum: 6b52fe87271c12968f6a054e60f6bde5f0f3d2db483a1e5c3e12d657c488a15474121a1d55cd958f6df026a54374ec38a4a963988c213b7570e1d51575cea7fa
  languageName: node
  linkType: hard

"shebang-regex@npm:^3.0.0":
  version: 3.0.0
  resolution: "shebang-regex@npm:3.0.0"
  checksum: 1a2bcae50de99034fcd92ad4212d8e01eedf52c7ec7830eedcf886622804fe36884278f2be8be0ea5fde3fd1c23911643a4e0f726c8685b61871c8908af01222
  languageName: node
  linkType: hard

"type-check@npm:^0.4.0, type-check@npm:~0.4.0":
  version: 0.4.0
  resolution: "type-check@npm:0.4.0"
  dependencies:
    prelude-ls: "npm:^1.2.1"
  checksum: ec688ebfc9c45d0c30412e41ca9c0cdbd704580eb3a9ccf07b9b576094d7b86a012baebc95681999dd38f4f444afd28504cb3a89f2ef16b31d4ab61a0739025a
  languageName: node
  linkType: hard

"uri-js@npm:^4.2.2":
  version: 4.4.1
  resolution: "uri-js@npm:4.4.1"
  dependencies:
    punycode: "npm:^2.1.0"
  checksum: 7167432de6817fe8e9e0c9684f1d2de2bb688c94388f7569f7dbdb1587c9f4ca2a77962f134ec90be0cc4d004c939ff0d05acc9f34a0db39a3c797dada262633
  languageName: node
  linkType: hard

"which@npm:^2.0.1":
  version: 2.0.2
  resolution: "which@npm:2.0.2"
  dependencies:
    isexe: "npm:^2.0.0"
  bin:
    node-which: ./bin/node-which
  checksum: 1a5c563d3c1b52d5f893c8b61afe11abc3bab4afac492e8da5bde69d550de701cf9806235f20a47b5c8fa8a1d6a9135841de2596535e998027a54589000e66d1
  languageName: node
  linkType: hard

"word-wrap@npm:^1.2.5":
  version: 1.2.5
  resolution: "word-wrap@npm:1.2.5"
  checksum: f93ba3586fc181f94afdaff3a6fef27920b4b6d9eaefed0f428f8e07adea2a7f54a5f2830ce59406c8416f033f86902b91eb824072354645eea687dff3691ccb
  languageName: node
  linkType: hard

"yocto-queue@npm:^0.1.0":
  version: 0.1.0
  resolution: "yocto-queue@npm:0.1.0"
  checksum: f77b3d8d00310def622123df93d4ee654fc6a0096182af8bd60679ddcdfb3474c56c6c7190817c84a2785648cdee9d721c0154eb45698c62176c322fb46fc700
  languageName: node
  linkType: hard
