# This file is generated by running "yarn install" inside your project.
# Manual changes might be lost - proceed with caution!

__metadata:
  version: 8
  cacheKey: 10

"@types/k6@npm:^1.3.1":
  version: 1.6.0
  resolution: "@types/k6@npm:1.6.0"
  checksum: 10/c9b25f165a2235844d8e922007457e59338728f973dda27e194053e18ed989b12de3952d0a1c184865b6de2fb409da768fa06f44e50ce1b8b0f48de09eee75b6
  languageName: node
  linkType: hard

"pdf3@workspace:.":
  version: 0.0.0-use.local
  resolution: "pdf3@workspace:."
  dependencies:
    "@types/k6": "npm:^1.3.1"
  languageName: unknown
  linkType: soft
