# This file is generated by running "yarn install" inside your project.
# Manual changes might be lost - proceed with caution!

__metadata:
  version: 8
  cacheKey: 10

"@types/k6@npm:^1.3.1":
  version: 1.3.1
  resolution: "@types/k6@npm:1.3.1"
  checksum: 10/6b18a4a80c84f03b278390474548bf19aaf2cb5910c4ab6b94411d86501057e93b6c062a1275c659f6d85169a54256155f28d798764ad5f992b1f92686f76f82
  languageName: node
  linkType: hard

"pdf3@workspace:.":
  version: 0.0.0-use.local
  resolution: "pdf3@workspace:."
  dependencies:
    "@types/k6": "npm:^1.3.1"
  languageName: unknown
  linkType: soft
